PODS:
  - NKJPhotoSliderController (0.7.1):
    - SDWebImage
  - SDWebImage (3.8.2):
    - SDWebImage/Core (= 3.8.2)
  - SDWebImage/Core (3.8.2)

DEPENDENCIES:
  - NKJPhotoSliderController (from `../`)

EXTERNAL SOURCES:
  NKJPhotoSliderController:
    :path: "../"

SPEC CHECKSUMS:
  NKJPhotoSliderController: 95d897b7affa64a629f024a127def4e2881cbd45
  SDWebImage: 098e97e6176540799c27e804c96653ee0833d13c

PODFILE CHECKSUM: a597129af850cd5864eb46bd7b217ddfc441920d

COCOAPODS: 1.1.0.rc.2
